// !$*UTF8*$!
{
	archiveVersion = 1;
	classes = {
	};
	objectVersion = 56;
	objects = {

/* Begin PBXBuildFile section */
		3F3B618E291C2CA100947619 /* AppDelegate.swift in Sources */ = {isa = PBXBuildFile; fileRef = 3F3B618D291C2CA100947619 /* AppDelegate.swift */; };
		3F3B6190291C2CA100947619 /* SceneDelegate.swift in Sources */ = {isa = PBXBuildFile; fileRef = 3F3B618F291C2CA100947619 /* SceneDelegate.swift */; };
		3F3B6192291C2CA100947619 /* ViewController.swift in Sources */ = {isa = PBXBuildFile; fileRef = 3F3B6191291C2CA100947619 /* ViewController.swift */; };
		3F3B6195291C2CA100947619 /* Main.storyboard in Resources */ = {isa = PBXBuildFile; fileRef = 3F3B6193291C2CA100947619 /* Main.storyboard */; };
		3F3B6197291C2CA200947619 /* Assets.xcassets in Resources */ = {isa = PBXBuildFile; fileRef = 3F3B6196291C2CA200947619 /* Assets.xcassets */; };
		3F3B619A291C2CA200947619 /* LaunchScreen.storyboard in Resources */ = {isa = PBXBuildFile; fileRef = 3F3B6198291C2CA200947619 /* LaunchScreen.storyboard */; };
		3F3B61A5291C2CA300947619 /* TTTTests.swift in Sources */ = {isa = PBXBuildFile; fileRef = 3F3B61A4291C2CA300947619 /* TTTTests.swift */; };
		3F3B61AF291C2CA300947619 /* TTTUITests.swift in Sources */ = {isa = PBXBuildFile; fileRef = 3F3B61AE291C2CA300947619 /* TTTUITests.swift */; };
		3F3B61B1291C2CA300947619 /* TTTUITestsLaunchTests.swift in Sources */ = {isa = PBXBuildFile; fileRef = 3F3B61B0291C2CA300947619 /* TTTUITestsLaunchTests.swift */; };
/* End PBXBuildFile section */

/* Begin PBXContainerItemProxy section */
		3F3B61A1291C2CA300947619 /* PBXContainerItemProxy */ = {
			isa = PBXContainerItemProxy;
			containerPortal = 3F3B6182291C2CA100947619 /* Project object */;
			proxyType = 1;
			remoteGlobalIDString = 3F3B6189291C2CA100947619;
			remoteInfo = TTT;
		};
		3F3B61AB291C2CA300947619 /* PBXContainerItemProxy */ = {
			isa = PBXContainerItemProxy;
			containerPortal = 3F3B6182291C2CA100947619 /* Project object */;
			proxyType = 1;
			remoteGlobalIDString = 3F3B6189291C2CA100947619;
			remoteInfo = TTT;
		};
/* End PBXContainerItemProxy section */

/* Begin PBXFileReference section */
		3F3B618A291C2CA100947619 /* TTT.app */ = {isa = PBXFileReference; explicitFileType = wrapper.application; includeInIndex = 0; path = TTT.app; sourceTree = BUILT_PRODUCTS_DIR; };
		3F3B618D291C2CA100947619 /* AppDelegate.swift */ = {isa = PBXFileReference; lastKnownFileType = sourcecode.swift; path = AppDelegate.swift; sourceTree = "<group>"; };
		3F3B618F291C2CA100947619 /* SceneDelegate.swift */ = {isa = PBXFileReference; lastKnownFileType = sourcecode.swift; path = SceneDelegate.swift; sourceTree = "<group>"; };
		3F3B6191291C2CA100947619 /* ViewController.swift */ = {isa = PBXFileReference; lastKnownFileType = sourcecode.swift; path = ViewController.swift; sourceTree = "<group>"; };
		3F3B6194291C2CA100947619 /* Base */ = {isa = PBXFileReference; lastKnownFileType = file.storyboard; name = Base; path = Base.lproj/Main.storyboard; sourceTree = "<group>"; };
		3F3B6196291C2CA200947619 /* Assets.xcassets */ = {isa = PBXFileReference; lastKnownFileType = folder.assetcatalog; path = Assets.xcassets; sourceTree = "<group>"; };
		3F3B6199291C2CA200947619 /* Base */ = {isa = PBXFileReference; lastKnownFileType = file.storyboard; name = Base; path = Base.lproj/LaunchScreen.storyboard; sourceTree = "<group>"; };
		3F3B619B291C2CA200947619 /* Info.plist */ = {isa = PBXFileReference; lastKnownFileType = text.plist.xml; path = Info.plist; sourceTree = "<group>"; };
		3F3B61A0291C2CA300947619 /* TTTTests.xctest */ = {isa = PBXFileReference; explicitFileType = wrapper.cfbundle; includeInIndex = 0; path = TTTTests.xctest; sourceTree = BUILT_PRODUCTS_DIR; };
		3F3B61A4291C2CA300947619 /* TTTTests.swift */ = {isa = PBXFileReference; lastKnownFileType = sourcecode.swift; path = TTTTests.swift; sourceTree = "<group>"; };
		3F3B61AA291C2CA300947619 /* TTTUITests.xctest */ = {isa = PBXFileReference; explicitFileType = wrapper.cfbundle; includeInIndex = 0; path = TTTUITests.xctest; sourceTree = BUILT_PRODUCTS_DIR; };
		3F3B61AE291C2CA300947619 /* TTTUITests.swift */ = {isa = PBXFileReference; lastKnownFileType = sourcecode.swift; path = TTTUITests.swift; sourceTree = "<group>"; };
		3F3B61B0291C2CA300947619 /* TTTUITestsLaunchTests.swift */ = {isa = PBXFileReference; lastKnownFileType = sourcecode.swift; path = TTTUITestsLaunchTests.swift; sourceTree = "<group>"; };
/* End PBXFileReference section */

/* Begin PBXFrameworksBuildPhase section */
		3F3B6187291C2CA100947619 /* Frameworks */ = {
			isa = PBXFrameworksBuildPhase;
			buildActionMask = 2147483647;
			files = (
			);
			runOnlyForDeploymentPostprocessing = 0;
		};
		3F3B619D291C2CA300947619 /* Frameworks */ = {
			isa = PBXFrameworksBuildPhase;
			buildActionMask = 2147483647;
			files = (
			);
			runOnlyForDeploymentPostprocessing = 0;
		};
		3F3B61A7291C2CA300947619 /* Frameworks */ = {
			isa = PBXFrameworksBuildPhase;
			buildActionMask = 2147483647;
			files = (
			);
			runOnlyForDeploymentPostprocessing = 0;
		};
/* End PBXFrameworksBuildPhase section */

/* Begin PBXGroup section */
		3F3B6181291C2CA100947619 = {
			isa = PBXGroup;
			children = (
				3F3B618C291C2CA100947619 /* TTT */,
				3F3B61A3291C2CA300947619 /* TTTTests */,
				3F3B61AD291C2CA300947619 /* TTTUITests */,
				3F3B618B291C2CA100947619 /* Products */,
			);
			sourceTree = "<group>";
		};
		3F3B618B291C2CA100947619 /* Products */ = {
			isa = PBXGroup;
			children = (
				3F3B618A291C2CA100947619 /* TTT.app */,
				3F3B61A0291C2CA300947619 /* TTTTests.xctest */,
				3F3B61AA291C2CA300947619 /* TTTUITests.xctest */,
			);
			name = Products;
			sourceTree = "<group>";
		};
		3F3B618C291C2CA100947619 /* TTT */ = {
			isa = PBXGroup;
			children = (
				3F3B618D291C2CA100947619 /* AppDelegate.swift */,
				3F3B618F291C2CA100947619 /* SceneDelegate.swift */,
				3F3B6191291C2CA100947619 /* ViewController.swift */,
				3F3B6193291C2CA100947619 /* Main.storyboard */,
				3F3B6196291C2CA200947619 /* Assets.xcassets */,
				3F3B6198291C2CA200947619 /* LaunchScreen.storyboard */,
				3F3B619B291C2CA200947619 /* Info.plist */,
			);
			path = TTT;
			sourceTree = "<group>";
		};
		3F3B61A3291C2CA300947619 /* TTTTests */ = {
			isa = PBXGroup;
			children = (
				3F3B61A4291C2CA300947619 /* TTTTests.swift */,
			);
			path = TTTTests;
			sourceTree = "<group>";
		};
		3F3B61AD291C2CA300947619 /* TTTUITests */ = {
			isa = PBXGroup;
			children = (
				3F3B61AE291C2CA300947619 /* TTTUITests.swift */,
				3F3B61B0291C2CA300947619 /* TTTUITestsLaunchTests.swift */,
			);
			path = TTTUITests;
			sourceTree = "<group>";
		};
/* End PBXGroup section */

/* Begin PBXNativeTarget section */
		3F3B6189291C2CA100947619 /* TTT */ = {
			isa = PBXNativeTarget;
			buildConfigurationList = 3F3B61B4291C2CA300947619 /* Build configuration list for PBXNativeTarget "TTT" */;
			buildPhases = (
				3F3B6186291C2CA100947619 /* Sources */,
				3F3B6187291C2CA100947619 /* Frameworks */,
				3F3B6188291C2CA100947619 /* Resources */,
			);
			buildRules = (
			);
			dependencies = (
			);
			name = TTT;
			productName = TTT;
			productReference = 3F3B618A291C2CA100947619 /* TTT.app */;
			productType = "com.apple.product-type.application";
		};
		3F3B619F291C2CA300947619 /* TTTTests */ = {
			isa = PBXNativeTarget;
			buildConfigurationList = 3F3B61B7291C2CA300947619 /* Build configuration list for PBXNativeTarget "TTTTests" */;
			buildPhases = (
				3F3B619C291C2CA300947619 /* Sources */,
				3F3B619D291C2CA300947619 /* Frameworks */,
				3F3B619E291C2CA300947619 /* Resources */,
			);
			buildRules = (
			);
			dependencies = (
				3F3B61A2291C2CA300947619 /* PBXTargetDependency */,
			);
			name = TTTTests;
			productName = TTTTests;
			productReference = 3F3B61A0291C2CA300947619 /* TTTTests.xctest */;
			productType = "com.apple.product-type.bundle.unit-test";
		};
		3F3B61A9291C2CA300947619 /* TTTUITests */ = {
			isa = PBXNativeTarget;
			buildConfigurationList = 3F3B61BA291C2CA300947619 /* Build configuration list for PBXNativeTarget "TTTUITests" */;
			buildPhases = (
				3F3B61A6291C2CA300947619 /* Sources */,
				3F3B61A7291C2CA300947619 /* Frameworks */,
				3F3B61A8291C2CA300947619 /* Resources */,
			);
			buildRules = (
			);
			dependencies = (
				3F3B61AC291C2CA300947619 /* PBXTargetDependency */,
			);
			name = TTTUITests;
			productName = TTTUITests;
			productReference = 3F3B61AA291C2CA300947619 /* TTTUITests.xctest */;
			productType = "com.apple.product-type.bundle.ui-testing";
		};
/* End PBXNativeTarget section */

/* Begin PBXProject section */
		3F3B6182291C2CA100947619 /* Project object */ = {
			isa = PBXProject;
			attributes = {
				BuildIndependentTargetsInParallel = 1;
				LastSwiftUpdateCheck = 1410;
				LastUpgradeCheck = 1410;
				TargetAttributes = {
					3F3B6189291C2CA100947619 = {
						CreatedOnToolsVersion = 14.1;
					};
					3F3B619F291C2CA300947619 = {
						CreatedOnToolsVersion = 14.1;
						TestTargetID = 3F3B6189291C2CA100947619;
					};
					3F3B61A9291C2CA300947619 = {
						CreatedOnToolsVersion = 14.1;
						TestTargetID = 3F3B6189291C2CA100947619;
					};
				};
			};
			buildConfigurationList = 3F3B6185291C2CA100947619 /* Build configuration list for PBXProject "TTT" */;
			compatibilityVersion = "Xcode 14.0";
			developmentRegion = en;
			hasScannedForEncodings = 0;
			knownRegions = (
				en,
				Base,
			);
			mainGroup = 3F3B6181291C2CA100947619;
			productRefGroup = 3F3B618B291C2CA100947619 /* Products */;
			projectDirPath = "";
			projectRoot = "";
			targets = (
				3F3B6189291C2CA100947619 /* TTT */,
				3F3B619F291C2CA300947619 /* TTTTests */,
				3F3B61A9291C2CA300947619 /* TTTUITests */,
			);
		};
/* End PBXProject section */

/* Begin PBXResourcesBuildPhase section */
		3F3B6188291C2CA100947619 /* Resources */ = {
			isa = PBXResourcesBuildPhase;
			buildActionMask = 2147483647;
			files = (
				3F3B619A291C2CA200947619 /* LaunchScreen.storyboard in Resources */,
				3F3B6197291C2CA200947619 /* Assets.xcassets in Resources */,
				3F3B6195291C2CA100947619 /* Main.storyboard in Resources */,
			);
			runOnlyForDeploymentPostprocessing = 0;
		};
		3F3B619E291C2CA300947619 /* Resources */ = {
			isa = PBXResourcesBuildPhase;
			buildActionMask = 2147483647;
			files = (
			);
			runOnlyForDeploymentPostprocessing = 0;
		};
		3F3B61A8291C2CA300947619 /* Resources */ = {
			isa = PBXResourcesBuildPhase;
			buildActionMask = 2147483647;
			files = (
			);
			runOnlyForDeploymentPostprocessing = 0;
		};
/* End PBXResourcesBuildPhase section */

/* Begin PBXSourcesBuildPhase section */
		3F3B6186291C2CA100947619 /* Sources */ = {
			isa = PBXSourcesBuildPhase;
			buildActionMask = 2147483647;
			files = (
				3F3B6192291C2CA100947619 /* ViewController.swift in Sources */,
				3F3B618E291C2CA100947619 /* AppDelegate.swift in Sources */,
				3F3B6190291C2CA100947619 /* SceneDelegate.swift in Sources */,
			);
			runOnlyForDeploymentPostprocessing = 0;
		};
		3F3B619C291C2CA300947619 /* Sources */ = {
			isa = PBXSourcesBuildPhase;
			buildActionMask = 2147483647;
			files = (
				3F3B61A5291C2CA300947619 /* TTTTests.swift in Sources */,
			);
			runOnlyForDeploymentPostprocessing = 0;
		};
		3F3B61A6291C2CA300947619 /* Sources */ = {
			isa = PBXSourcesBuildPhase;
			buildActionMask = 2147483647;
			files = (
				3F3B61AF291C2CA300947619 /* TTTUITests.swift in Sources */,
				3F3B61B1291C2CA300947619 /* TTTUITestsLaunchTests.swift in Sources */,
			);
			runOnlyForDeploymentPostprocessing = 0;
		};
/* End PBXSourcesBuildPhase section */

/* Begin PBXTargetDependency section */
		3F3B61A2291C2CA300947619 /* PBXTargetDependency */ = {
			isa = PBXTargetDependency;
			target = 3F3B6189291C2CA100947619 /* TTT */;
			targetProxy = 3F3B61A1291C2CA300947619 /* PBXContainerItemProxy */;
		};
		3F3B61AC291C2CA300947619 /* PBXTargetDependency */ = {
			isa = PBXTargetDependency;
			target = 3F3B6189291C2CA100947619 /* TTT */;
			targetProxy = 3F3B61AB291C2CA300947619 /* PBXContainerItemProxy */;
		};
/* End PBXTargetDependency section */

/* Begin PBXVariantGroup section */
		3F3B6193291C2CA100947619 /* Main.storyboard */ = {
			isa = PBXVariantGroup;
			children = (
				3F3B6194291C2CA100947619 /* Base */,
			);
			name = Main.storyboard;
			sourceTree = "<group>";
		};
		3F3B6198291C2CA200947619 /* LaunchScreen.storyboard */ = {
			isa = PBXVariantGroup;
			children = (
				3F3B6199291C2CA200947619 /* Base */,
			);
			name = LaunchScreen.storyboard;
			sourceTree = "<group>";
		};
/* End PBXVariantGroup section */

/* Begin XCBuildConfiguration section */
		3F3B61B2291C2CA300947619 /* Debug */ = {
			isa = XCBuildConfiguration;
			buildSettings = {
				ALWAYS_SEARCH_USER_PATHS = NO;
				CLANG_ANALYZER_NONNULL = YES;
				CLANG_ANALYZER_NUMBER_OBJECT_CONVERSION = YES_AGGRESSIVE;
				CLANG_CXX_LANGUAGE_STANDARD = "gnu++20";
				CLANG_ENABLE_MODULES = YES;
				CLANG_ENABLE_OBJC_ARC = YES;
				CLANG_ENABLE_OBJC_WEAK = YES;
				CLANG_WARN_BLOCK_CAPTURE_AUTORELEASING = YES;
				CLANG_WARN_BOOL_CONVERSION = YES;
				CLANG_WARN_COMMA = YES;
				CLANG_WARN_CONSTANT_CONVERSION = YES;
				CLANG_WARN_DEPRECATED_OBJC_IMPLEMENTATIONS = YES;
				CLANG_WARN_DIRECT_OBJC_ISA_USAGE = YES_ERROR;
				CLANG_WARN_DOCUMENTATION_COMMENTS = YES;
				CLANG_WARN_EMPTY_BODY = YES;
				CLANG_WARN_ENUM_CONVERSION = YES;
				CLANG_WARN_INFINITE_RECURSION = YES;
				CLANG_WARN_INT_CONVERSION = YES;
				CLANG_WARN_NON_LITERAL_NULL_CONVERSION = YES;
				CLANG_WARN_OBJC_IMPLICIT_RETAIN_SELF = YES;
				CLANG_WARN_OBJC_LITERAL_CONVERSION = YES;
				CLANG_WARN_OBJC_ROOT_CLASS = YES_ERROR;
				CLANG_WARN_QUOTED_INCLUDE_IN_FRAMEWORK_HEADER = YES;
				CLANG_WARN_RANGE_LOOP_ANALYSIS = YES;
				CLANG_WARN_STRICT_PROTOTYPES = YES;
				CLANG_WARN_SUSPICIOUS_MOVE = YES;
				CLANG_WARN_UNGUARDED_AVAILABILITY = YES_AGGRESSIVE;
				CLANG_WARN_UNREACHABLE_CODE = YES;
				CLANG_WARN__DUPLICATE_METHOD_MATCH = YES;
				COPY_PHASE_STRIP = NO;
				DEBUG_INFORMATION_FORMAT = dwarf;
				ENABLE_STRICT_OBJC_MSGSEND = YES;
				ENABLE_TESTABILITY = YES;
				GCC_C_LANGUAGE_STANDARD = gnu11;
				GCC_DYNAMIC_NO_PIC = NO;
				GCC_NO_COMMON_BLOCKS = YES;
				GCC_OPTIMIZATION_LEVEL = 0;
				GCC_PREPROCESSOR_DEFINITIONS = (
					"DEBUG=1",
					"$(inherited)",
				);
				GCC_WARN_64_TO_32_BIT_CONVERSION = YES;
				GCC_WARN_ABOUT_RETURN_TYPE = YES_ERROR;
				GCC_WARN_UNDECLARED_SELECTOR = YES;
				GCC_WARN_UNINITIALIZED_AUTOS = YES_AGGRESSIVE;
				GCC_WARN_UNUSED_FUNCTION = YES;
				GCC_WARN_UNUSED_VARIABLE = YES;
				IPHONEOS_DEPLOYMENT_TARGET = 16.1;
				MTL_ENABLE_DEBUG_INFO = INCLUDE_SOURCE;
				MTL_FAST_MATH = YES;
				ONLY_ACTIVE_ARCH = YES;
				SDKROOT = iphoneos;
				SWIFT_ACTIVE_COMPILATION_CONDITIONS = DEBUG;
				SWIFT_OPTIMIZATION_LEVEL = "-Onone";
			};
			name = Debug;
		};
		3F3B61B3291C2CA300947619 /* Release */ = {
			isa = XCBuildConfiguration;
			buildSettings = {
				ALWAYS_SEARCH_USER_PATHS = NO;
				CLANG_ANALYZER_NONNULL = YES;
				CLANG_ANALYZER_NUMBER_OBJECT_CONVERSION = YES_AGGRESSIVE;
				CLANG_CXX_LANGUAGE_STANDARD = "gnu++20";
				CLANG_ENABLE_MODULES = YES;
				CLANG_ENABLE_OBJC_ARC = YES;
				CLANG_ENABLE_OBJC_WEAK = YES;
				CLANG_WARN_BLOCK_CAPTURE_AUTORELEASING = YES;
				CLANG_WARN_BOOL_CONVERSION = YES;
				CLANG_WARN_COMMA = YES;
				CLANG_WARN_CONSTANT_CONVERSION = YES;
				CLANG_WARN_DEPRECATED_OBJC_IMPLEMENTATIONS = YES;
				CLANG_WARN_DIRECT_OBJC_ISA_USAGE = YES_ERROR;
				CLANG_WARN_DOCUMENTATION_COMMENTS = YES;
				CLANG_WARN_EMPTY_BODY = YES;
				CLANG_WARN_ENUM_CONVERSION = YES;
				CLANG_WARN_INFINITE_RECURSION = YES;
				CLANG_WARN_INT_CONVERSION = YES;
				CLANG_WARN_NON_LITERAL_NULL_CONVERSION = YES;
				CLANG_WARN_OBJC_IMPLICIT_RETAIN_SELF = YES;
				CLANG_WARN_OBJC_LITERAL_CONVERSION = YES;
				CLANG_WARN_OBJC_ROOT_CLASS = YES_ERROR;
				CLANG_WARN_QUOTED_INCLUDE_IN_FRAMEWORK_HEADER = YES;
				CLANG_WARN_RANGE_LOOP_ANALYSIS = YES;
				CLANG_WARN_STRICT_PROTOTYPES = YES;
				CLANG_WARN_SUSPICIOUS_MOVE = YES;
				CLANG_WARN_UNGUARDED_AVAILABILITY = YES_AGGRESSIVE;
				CLANG_WARN_UNREACHABLE_CODE = YES;
				CLANG_WARN__DUPLICATE_METHOD_MATCH = YES;
				COPY_PHASE_STRIP = NO;
				DEBUG_INFORMATION_FORMAT = "dwarf-with-dsym";
				ENABLE_NS_ASSERTIONS = NO;
				ENABLE_STRICT_OBJC_MSGSEND = YES;
				GCC_C_LANGUAGE_STANDARD = gnu11;
				GCC_NO_COMMON_BLOCKS = YES;
				GCC_WARN_64_TO_32_BIT_CONVERSION = YES;
				GCC_WARN_ABOUT_RETURN_TYPE = YES_ERROR;
				GCC_WARN_UNDECLARED_SELECTOR = YES;
				GCC_WARN_UNINITIALIZED_AUTOS = YES_AGGRESSIVE;
				GCC_WARN_UNUSED_FUNCTION = YES;
				GCC_WARN_UNUSED_VARIABLE = YES;
				IPHONEOS_DEPLOYMENT_TARGET = 16.1;
				MTL_ENABLE_DEBUG_INFO = NO;
				MTL_FAST_MATH = YES;
				SDKROOT = iphoneos;
				SWIFT_COMPILATION_MODE = wholemodule;
				SWIFT_OPTIMIZATION_LEVEL = "-O";
				VALIDATE_PRODUCT = YES;
			};
			name = Release;
		};
		3F3B61B5291C2CA300947619 /* Debug */ = {
			isa = XCBuildConfiguration;
			buildSettings = {
				ASSETCATALOG_COMPILER_APPICON_NAME = AppIcon;
				ASSETCATALOG_COMPILER_GLOBAL_ACCENT_COLOR_NAME = AccentColor;
				CODE_SIGN_STYLE = Automatic;
				CURRENT_PROJECT_VERSION = 1;
				GENERATE_INFOPLIST_FILE = YES;
				INFOPLIST_FILE = TTT/Info.plist;
				INFOPLIST_KEY_UIApplicationSupportsIndirectInputEvents = YES;
				INFOPLIST_KEY_UILaunchStoryboardName = LaunchScreen;
				INFOPLIST_KEY_UIMainStoryboardFile = Main;
				INFOPLIST_KEY_UISupportedInterfaceOrientations_iPad = "UIInterfaceOrientationPortrait UIInterfaceOrientationPortraitUpsideDown UIInterfaceOrientationLandscapeLeft UIInterfaceOrientationLandscapeRight";
				INFOPLIST_KEY_UISupportedInterfaceOrientations_iPhone = "UIInterfaceOrientationPortrait UIInterfaceOrientationLandscapeLeft UIInterfaceOrientationLandscapeRight";
				LD_RUNPATH_SEARCH_PATHS = (
					"$(inherited)",
					"@executable_path/Frameworks",
				);
				MARKETING_VERSION = 1.0;
				PRODUCT_BUNDLE_IDENTIFIER = "Aamer-Essa.TTT";
				PRODUCT_NAME = "$(TARGET_NAME)";
				SWIFT_EMIT_LOC_STRINGS = YES;
				SWIFT_VERSION = 5.0;
				TARGETED_DEVICE_FAMILY = "1,2";
			};
			name = Debug;
		};
		3F3B61B6291C2CA300947619 /* Release */ = {
			isa = XCBuildConfiguration;
			buildSettings = {
				ASSETCATALOG_COMPILER_APPICON_NAME = AppIcon;
				ASSETCATALOG_COMPILER_GLOBAL_ACCENT_COLOR_NAME = AccentColor;
				CODE_SIGN_STYLE = Automatic;
				CURRENT_PROJECT_VERSION = 1;
				GENERATE_INFOPLIST_FILE = YES;
				INFOPLIST_FILE = TTT/Info.plist;
				INFOPLIST_KEY_UIApplicationSupportsIndirectInputEvents = YES;
				INFOPLIST_KEY_UILaunchStoryboardName = LaunchScreen;
				INFOPLIST_KEY_UIMainStoryboardFile = Main;
				INFOPLIST_KEY_UISupportedInterfaceOrientations_iPad = "UIInterfaceOrientationPortrait UIInterfaceOrientationPortraitUpsideDown UIInterfaceOrientationLandscapeLeft UIInterfaceOrientationLandscapeRight";
				INFOPLIST_KEY_UISupportedInterfaceOrientations_iPhone = "UIInterfaceOrientationPortrait UIInterfaceOrientationLandscapeLeft UIInterfaceOrientationLandscapeRight";
				LD_RUNPATH_SEARCH_PATHS = (
					"$(inherited)",
					"@executable_path/Frameworks",
				);
				MARKETING_VERSION = 1.0;
				PRODUCT_BUNDLE_IDENTIFIER = "Aamer-Essa.TTT";
				PRODUCT_NAME = "$(TARGET_NAME)";
				SWIFT_EMIT_LOC_STRINGS = YES;
				SWIFT_VERSION = 5.0;
				TARGETED_DEVICE_FAMILY = "1,2";
			};
			name = Release;
		};
		3F3B61B8291C2CA300947619 /* Debug */ = {
			isa = XCBuildConfiguration;
			buildSettings = {
				ALWAYS_EMBED_SWIFT_STANDARD_LIBRARIES = YES;
				BUNDLE_LOADER = "$(TEST_HOST)";
				CODE_SIGN_STYLE = Automatic;
				CURRENT_PROJECT_VERSION = 1;
				GENERATE_INFOPLIST_FILE = YES;
				IPHONEOS_DEPLOYMENT_TARGET = 16.1;
				MARKETING_VERSION = 1.0;
				PRODUCT_BUNDLE_IDENTIFIER = "Aamer-Essa.TTTTests";
				PRODUCT_NAME = "$(TARGET_NAME)";
				SWIFT_EMIT_LOC_STRINGS = NO;
				SWIFT_VERSION = 5.0;
				TARGETED_DEVICE_FAMILY = "1,2";
				TEST_HOST = "$(BUILT_PRODUCTS_DIR)/TTT.app/$(BUNDLE_EXECUTABLE_FOLDER_PATH)/TTT";
			};
			name = Debug;
		};
		3F3B61B9291C2CA300947619 /* Release */ = {
			isa = XCBuildConfiguration;
			buildSettings = {
				ALWAYS_EMBED_SWIFT_STANDARD_LIBRARIES = YES;
				BUNDLE_LOADER = "$(TEST_HOST)";
				CODE_SIGN_STYLE = Automatic;
				CURRENT_PROJECT_VERSION = 1;
				GENERATE_INFOPLIST_FILE = YES;
				IPHONEOS_DEPLOYMENT_TARGET = 16.1;
				MARKETING_VERSION = 1.0;
				PRODUCT_BUNDLE_IDENTIFIER = "Aamer-Essa.TTTTests";
				PRODUCT_NAME = "$(TARGET_NAME)";
				SWIFT_EMIT_LOC_STRINGS = NO;
				SWIFT_VERSION = 5.0;
				TARGETED_DEVICE_FAMILY = "1,2";
				TEST_HOST = "$(BUILT_PRODUCTS_DIR)/TTT.app/$(BUNDLE_EXECUTABLE_FOLDER_PATH)/TTT";
			};
			name = Release;
		};
		3F3B61BB291C2CA300947619 /* Debug */ = {
			isa = XCBuildConfiguration;
			buildSettings = {
				ALWAYS_EMBED_SWIFT_STANDARD_LIBRARIES = YES;
				CODE_SIGN_STYLE = Automatic;
				CURRENT_PROJECT_VERSION = 1;
				GENERATE_INFOPLIST_FILE = YES;
				MARKETING_VERSION = 1.0;
				PRODUCT_BUNDLE_IDENTIFIER = "Aamer-Essa.TTTUITests";
				PRODUCT_NAME = "$(TARGET_NAME)";
				SWIFT_EMIT_LOC_STRINGS = NO;
				SWIFT_VERSION = 5.0;
				TARGETED_DEVICE_FAMILY = "1,2";
				TEST_TARGET_NAME = TTT;
			};
			name = Debug;
		};
		3F3B61BC291C2CA300947619 /* Release */ = {
			isa = XCBuildConfiguration;
			buildSettings = {
				ALWAYS_EMBED_SWIFT_STANDARD_LIBRARIES = YES;
				CODE_SIGN_STYLE = Automatic;
				CURRENT_PROJECT_VERSION = 1;
				GENERATE_INFOPLIST_FILE = YES;
				MARKETING_VERSION = 1.0;
				PRODUCT_BUNDLE_IDENTIFIER = "Aamer-Essa.TTTUITests";
				PRODUCT_NAME = "$(TARGET_NAME)";
				SWIFT_EMIT_LOC_STRINGS = NO;
				SWIFT_VERSION = 5.0;
				TARGETED_DEVICE_FAMILY = "1,2";
				TEST_TARGET_NAME = TTT;
			};
			name = Release;
		};
/* End XCBuildConfiguration section */

/* Begin XCConfigurationList section */
		3F3B6185291C2CA100947619 /* Build configuration list for PBXProject "TTT" */ = {
			isa = XCConfigurationList;
			buildConfigurations = (
				3F3B61B2291C2CA300947619 /* Debug */,
				3F3B61B3291C2CA300947619 /* Release */,
			);
			defaultConfigurationIsVisible = 0;
			defaultConfigurationName = Release;
		};
		3F3B61B4291C2CA300947619 /* Build configuration list for PBXNativeTarget "TTT" */ = {
			isa = XCConfigurationList;
			buildConfigurations = (
				3F3B61B5291C2CA300947619 /* Debug */,
				3F3B61B6291C2CA300947619 /* Release */,
			);
			defaultConfigurationIsVisible = 0;
			defaultConfigurationName = Release;
		};
		3F3B61B7291C2CA300947619 /* Build configuration list for PBXNativeTarget "TTTTests" */ = {
			isa = XCConfigurationList;
			buildConfigurations = (
				3F3B61B8291C2CA300947619 /* Debug */,
				3F3B61B9291C2CA300947619 /* Release */,
			);
			defaultConfigurationIsVisible = 0;
			defaultConfigurationName = Release;
		};
		3F3B61BA291C2CA300947619 /* Build configuration list for PBXNativeTarget "TTTUITests" */ = {
			isa = XCConfigurationList;
			buildConfigurations = (
				3F3B61BB291C2CA300947619 /* Debug */,
				3F3B61BC291C2CA300947619 /* Release */,
			);
			defaultConfigurationIsVisible = 0;
			defaultConfigurationName = Release;
		};
/* End XCConfigurationList section */
	};
	rootObject = 3F3B6182291C2CA100947619 /* Project object */;
}
